
Microsoft Visual Studio Solution File, Format Version 12.00
# Visual Studio Version 17
VisualStudioVersion = 17.6.33815.320
MinimumVisualStudioVersion = 10.0.40219.1
Project("{2150E333-8FDC-42A3-9474-1A3956D46DE8}") = "src", "src", "{604AAA61-6C9C-4421-9DA5-0805968113A8}"
EndProject
Project("{2150E333-8FDC-42A3-9474-1A3956D46DE8}") = "Solution Items", "Solution Items", "{C9018F64-4917-4F4F-8F78-3A674896029D}"
	ProjectSection(SolutionItems) = preProject
		.editorconfig = .editorconfig
		LICENSE = LICENSE
		readme.md = readme.md
	EndProjectSection
EndProject
Project("{9A19103F-16F7-4668-BE54-9A1E7A4F7556}") = "Unidecode.NET", "src\Unidecode.NET.csproj", "{3ED46251-F3F1-43F0-8776-A5055D96BB56}"
EndProject
Project("{2150E333-8FDC-42A3-9474-1A3956D46DE8}") = "test", "test", "{8F8EB995-97FD-41CD-B307-E2F8E987C468}"
EndProject
Project("{9A19103F-16F7-4668-BE54-9A1E7A4F7556}") = "Unidecode.NET.Tests", "test\Unidecode.NET.Tests.csproj", "{C93F3F13-BFB7-4440-BC52-B1BFAC74EB1B}"
EndProject
Project("{2150E333-8FDC-42A3-9474-1A3956D46DE8}") = "benchmark", "benchmark", "{6B823939-68FD-4909-90D9-A6B4BE177ADA}"
EndProject
Project("{9A19103F-16F7-4668-BE54-9A1E7A4F7556}") = "Unidecode.NET.Benchmark", "benchmark\Unidecode.NET.Benchmark\Unidecode.NET.Benchmark.csproj", "{BBB60B62-9870-460D-8629-4825D096F9A3}"
EndProject
Global
	GlobalSection(SolutionConfigurationPlatforms) = preSolution
		Debug|Any CPU = Debug|Any CPU
		Release|Any CPU = Release|Any CPU
	EndGlobalSection
	GlobalSection(ProjectConfigurationPlatforms) = postSolution
		{3ED46251-F3F1-43F0-8776-A5055D96BB56}.Debug|Any CPU.ActiveCfg = Debug|Any CPU
		{3ED46251-F3F1-43F0-8776-A5055D96BB56}.Debug|Any CPU.Build.0 = Debug|Any CPU
		{3ED46251-F3F1-43F0-8776-A5055D96BB56}.Release|Any CPU.ActiveCfg = Release|Any CPU
		{3ED46251-F3F1-43F0-8776-A5055D96BB56}.Release|Any CPU.Build.0 = Release|Any CPU
		{C93F3F13-BFB7-4440-BC52-B1BFAC74EB1B}.Debug|Any CPU.ActiveCfg = Debug|Any CPU
		{C93F3F13-BFB7-4440-BC52-B1BFAC74EB1B}.Debug|Any CPU.Build.0 = Debug|Any CPU
		{C93F3F13-BFB7-4440-BC52-B1BFAC74EB1B}.Release|Any CPU.ActiveCfg = Release|Any CPU
		{C93F3F13-BFB7-4440-BC52-B1BFAC74EB1B}.Release|Any CPU.Build.0 = Release|Any CPU
		{BBB60B62-9870-460D-8629-4825D096F9A3}.Debug|Any CPU.ActiveCfg = Debug|Any CPU
		{BBB60B62-9870-460D-8629-4825D096F9A3}.Debug|Any CPU.Build.0 = Debug|Any CPU
		{BBB60B62-9870-460D-8629-4825D096F9A3}.Release|Any CPU.ActiveCfg = Release|Any CPU
		{BBB60B62-9870-460D-8629-4825D096F9A3}.Release|Any CPU.Build.0 = Release|Any CPU
	EndGlobalSection
	GlobalSection(SolutionProperties) = preSolution
		HideSolutionNode = FALSE
	EndGlobalSection
	GlobalSection(NestedProjects) = preSolution
		{3ED46251-F3F1-43F0-8776-A5055D96BB56} = {604AAA61-6C9C-4421-9DA5-0805968113A8}
		{C93F3F13-BFB7-4440-BC52-B1BFAC74EB1B} = {8F8EB995-97FD-41CD-B307-E2F8E987C468}
		{BBB60B62-9870-460D-8629-4825D096F9A3} = {6B823939-68FD-4909-90D9-A6B4BE177ADA}
	EndGlobalSection
	GlobalSection(ExtensibilityGlobals) = postSolution
		SolutionGuid = {AFE6DE01-A43D-4110-90C8-75C670655EF1}
	EndGlobalSection
EndGlobal
